// !$*UTF8*$!
{
	archiveVersion = 1;
	classes = {
	};
	objectVersion = 55;
	objects = {

/* Begin PBXBuildFile section */
		9F238E5F27DF51EF00639369 /* AppDelegate.swift in Sources */ = {isa = PBXBuildFile; fileRef = 9F238E5E27DF51EF00639369 /* AppDelegate.swift */; };
		9F238E6127DF51EF00639369 /* SceneDelegate.swift in Sources */ = {isa = PBXBuildFile; fileRef = 9F238E6027DF51EF00639369 /* SceneDelegate.swift */; };
		9F238E6627DF51EF00639369 /* Main.storyboard in Resources */ = {isa = PBXBuildFile; fileRef = 9F238E6427DF51EF00639369 /* Main.storyboard */; };
		9F238E6827DF51F000639369 /* Assets.xcassets in Resources */ = {isa = PBXBuildFile; fileRef = 9F238E6727DF51F000639369 /* Assets.xcassets */; };
		9F238E6B27DF51F000639369 /* LaunchScreen.storyboard in Resources */ = {isa = PBXBuildFile; fileRef = 9F238E6927DF51F000639369 /* LaunchScreen.storyboard */; };
		9F238E7A27DF5BA600639369 /* Cake.swift in Sources */ = {isa = PBXBuildFile; fileRef = 9F238E7927DF5BA600639369 /* Cake.swift */; };
		9F238E8327DF5E3500639369 /* Constants.swift in Sources */ = {isa = PBXBuildFile; fileRef = 9F238E8227DF5E3500639369 /* Constants.swift */; };
		9F238E8627DF5FDC00639369 /* EndPoints.swift in Sources */ = {isa = PBXBuildFile; fileRef = 9F238E8527DF5FDC00639369 /* EndPoints.swift */; };
		9F238E8827DF603400639369 /* Service.swift in Sources */ = {isa = PBXBuildFile; fileRef = 9F238E8727DF603400639369 /* Service.swift */; };
		9F238E8A27DF605D00639369 /* JsonDecodable.swift in Sources */ = {isa = PBXBuildFile; fileRef = 9F238E8927DF605D00639369 /* JsonDecodable.swift */; };
		9F238E8C27DF608800639369 /* ServiceError.swift in Sources */ = {isa = PBXBuildFile; fileRef = 9F238E8B27DF608800639369 /* ServiceError.swift */; };
		9F238E8E27DF60BD00639369 /* ServiceClient.swift in Sources */ = {isa = PBXBuildFile; fileRef = 9F238E8D27DF60BD00639369 /* ServiceClient.swift */; };
		9F238E9027DF66D400639369 /* ServiceImpl.swift in Sources */ = {isa = PBXBuildFile; fileRef = 9F238E8F27DF66D400639369 /* ServiceImpl.swift */; };
		9F238E9227DF676900639369 /* URLRequest+Extension.swift in Sources */ = {isa = PBXBuildFile; fileRef = 9F238E9127DF676900639369 /* URLRequest+Extension.swift */; };
		9F238E9427DF679F00639369 /* ImageLoader.swift in Sources */ = {isa = PBXBuildFile; fileRef = 9F238E9327DF679F00639369 /* ImageLoader.swift */; };
		9F238E9627DF67D300639369 /* ImageCache.swift in Sources */ = {isa = PBXBuildFile; fileRef = 9F238E9527DF67D300639369 /* ImageCache.swift */; };
		9F238E9827DF685500639369 /* CakeTableViewCell.swift in Sources */ = {isa = PBXBuildFile; fileRef = 9F238E9727DF685500639369 /* CakeTableViewCell.swift */; };
		9F238E9B27DF68B300639369 /* CakeListViewModel.swift in Sources */ = {isa = PBXBuildFile; fileRef = 9F238E9A27DF68B300639369 /* CakeListViewModel.swift */; };
		9F238E9D27DF695B00639369 /* CakeListViewController.swift in Sources */ = {isa = PBXBuildFile; fileRef = 9F238E9C27DF695B00639369 /* CakeListViewController.swift */; };
		9F238EA127DF6AA600639369 /* MainCoordinator.swift in Sources */ = {isa = PBXBuildFile; fileRef = 9F238EA027DF6AA600639369 /* MainCoordinator.swift */; };
		9F238EA327DF6BAF00639369 /* CakeDetailsViewController.swift in Sources */ = {isa = PBXBuildFile; fileRef = 9F238EA227DF6BAF00639369 /* CakeDetailsViewController.swift */; };
		9F238EA527DF6C0D00639369 /* CakeDetailsViewModel.swift in Sources */ = {isa = PBXBuildFile; fileRef = 9F238EA427DF6C0D00639369 /* CakeDetailsViewModel.swift */; };
		9F238EB427DF717200639369 /* MockService.swift in Sources */ = {isa = PBXBuildFile; fileRef = 9F238EB327DF717200639369 /* MockService.swift */; };
		9F238EB627DF721D00639369 /* CakeViewModelTest.swift in Sources */ = {isa = PBXBuildFile; fileRef = 9F238EB527DF721D00639369 /* CakeViewModelTest.swift */; };
		9F238EB927DF734E00639369 /* CakeDetailsViewModelTests.swift in Sources */ = {isa = PBXBuildFile; fileRef = 9F238EB827DF734E00639369 /* CakeDetailsViewModelTests.swift */; };
		9F238EBB27DF73F700639369 /* CakeSuccessResponse.json in Resources */ = {isa = PBXBuildFile; fileRef = 9F238EBA27DF73F700639369 /* CakeSuccessResponse.json */; };
		9F238EBD27DF746A00639369 /* CakeFailureResponse.json in Sources */ = {isa = PBXBuildFile; fileRef = 9F238EBC27DF746A00639369 /* CakeFailureResponse.json */; };
/* End PBXBuildFile section */

/* Begin PBXContainerItemProxy section */
		9F238EAE27DF70DC00639369 /* PBXContainerItemProxy */ = {
			isa = PBXContainerItemProxy;
			containerPortal = 9F238E5327DF51EF00639369 /* Project object */;
			proxyType = 1;
			remoteGlobalIDString = 9F238E5A27DF51EF00639369;
			remoteInfo = CakeItApp;
		};
/* End PBXContainerItemProxy section */

/* Begin PBXFileReference section */
		9F238E5B27DF51EF00639369 /* CakeItApp.app */ = {isa = PBXFileReference; explicitFileType = wrapper.application; includeInIndex = 0; path = CakeItApp.app; sourceTree = BUILT_PRODUCTS_DIR; };
		9F238E5E27DF51EF00639369 /* AppDelegate.swift */ = {isa = PBXFileReference; lastKnownFileType = sourcecode.swift; path = AppDelegate.swift; sourceTree = "<group>"; };
		9F238E6027DF51EF00639369 /* SceneDelegate.swift */ = {isa = PBXFileReference; lastKnownFileType = sourcecode.swift; path = SceneDelegate.swift; sourceTree = "<group>"; };
		9F238E6527DF51EF00639369 /* Base */ = {isa = PBXFileReference; lastKnownFileType = file.storyboard; name = Base; path = Base.lproj/Main.storyboard; sourceTree = "<group>"; };
		9F238E6727DF51F000639369 /* Assets.xcassets */ = {isa = PBXFileReference; lastKnownFileType = folder.assetcatalog; path = Assets.xcassets; sourceTree = "<group>"; };
		9F238E6A27DF51F000639369 /* Base */ = {isa = PBXFileReference; lastKnownFileType = file.storyboard; name = Base; path = Base.lproj/LaunchScreen.storyboard; sourceTree = "<group>"; };
		9F238E6C27DF51F000639369 /* Info.plist */ = {isa = PBXFileReference; lastKnownFileType = text.plist.xml; path = Info.plist; sourceTree = "<group>"; };
		9F238E7927DF5BA600639369 /* Cake.swift */ = {isa = PBXFileReference; lastKnownFileType = sourcecode.swift; path = Cake.swift; sourceTree = "<group>"; };
		9F238E8227DF5E3500639369 /* Constants.swift */ = {isa = PBXFileReference; lastKnownFileType = sourcecode.swift; path = Constants.swift; sourceTree = "<group>"; };
		9F238E8527DF5FDC00639369 /* EndPoints.swift */ = {isa = PBXFileReference; lastKnownFileType = sourcecode.swift; path = EndPoints.swift; sourceTree = "<group>"; };
		9F238E8727DF603400639369 /* Service.swift */ = {isa = PBXFileReference; lastKnownFileType = sourcecode.swift; path = Service.swift; sourceTree = "<group>"; };
		9F238E8927DF605D00639369 /* JsonDecodable.swift */ = {isa = PBXFileReference; lastKnownFileType = sourcecode.swift; path = JsonDecodable.swift; sourceTree = "<group>"; };
		9F238E8B27DF608800639369 /* ServiceError.swift */ = {isa = PBXFileReference; lastKnownFileType = sourcecode.swift; path = ServiceError.swift; sourceTree = "<group>"; };
		9F238E8D27DF60BD00639369 /* ServiceClient.swift */ = {isa = PBXFileReference; lastKnownFileType = sourcecode.swift; path = ServiceClient.swift; sourceTree = "<group>"; };
		9F238E8F27DF66D400639369 /* ServiceImpl.swift */ = {isa = PBXFileReference; lastKnownFileType = sourcecode.swift; path = ServiceImpl.swift; sourceTree = "<group>"; };
		9F238E9127DF676900639369 /* URLRequest+Extension.swift */ = {isa = PBXFileReference; lastKnownFileType = sourcecode.swift; path = "URLRequest+Extension.swift"; sourceTree = "<group>"; };
		9F238E9327DF679F00639369 /* ImageLoader.swift */ = {isa = PBXFileReference; lastKnownFileType = sourcecode.swift; path = ImageLoader.swift; sourceTree = "<group>"; };
		9F238E9527DF67D300639369 /* ImageCache.swift */ = {isa = PBXFileReference; lastKnownFileType = sourcecode.swift; path = ImageCache.swift; sourceTree = "<group>"; };
		9F238E9727DF685500639369 /* CakeTableViewCell.swift */ = {isa = PBXFileReference; lastKnownFileType = sourcecode.swift; path = CakeTableViewCell.swift; sourceTree = "<group>"; };
		9F238E9A27DF68B300639369 /* CakeListViewModel.swift */ = {isa = PBXFileReference; lastKnownFileType = sourcecode.swift; path = CakeListViewModel.swift; sourceTree = "<group>"; };
		9F238E9C27DF695B00639369 /* CakeListViewController.swift */ = {isa = PBXFileReference; lastKnownFileType = sourcecode.swift; path = CakeListViewController.swift; sourceTree = "<group>"; };
		9F238EA027DF6AA600639369 /* MainCoordinator.swift */ = {isa = PBXFileReference; lastKnownFileType = sourcecode.swift; path = MainCoordinator.swift; sourceTree = "<group>"; };
		9F238EA227DF6BAF00639369 /* CakeDetailsViewController.swift */ = {isa = PBXFileReference; lastKnownFileType = sourcecode.swift; path = CakeDetailsViewController.swift; sourceTree = "<group>"; };
		9F238EA427DF6C0D00639369 /* CakeDetailsViewModel.swift */ = {isa = PBXFileReference; lastKnownFileType = sourcecode.swift; path = CakeDetailsViewModel.swift; sourceTree = "<group>"; };
		9F238EAA27DF70DC00639369 /* CakeItAppTests.xctest */ = {isa = PBXFileReference; explicitFileType = wrapper.cfbundle; includeInIndex = 0; path = CakeItAppTests.xctest; sourceTree = BUILT_PRODUCTS_DIR; };
		9F238EB327DF717200639369 /* MockService.swift */ = {isa = PBXFileReference; lastKnownFileType = sourcecode.swift; path = MockService.swift; sourceTree = "<group>"; };
		9F238EB527DF721D00639369 /* CakeViewModelTest.swift */ = {isa = PBXFileReference; lastKnownFileType = sourcecode.swift; path = CakeViewModelTest.swift; sourceTree = "<group>"; };
		9F238EB827DF734E00639369 /* CakeDetailsViewModelTests.swift */ = {isa = PBXFileReference; lastKnownFileType = sourcecode.swift; path = CakeDetailsViewModelTests.swift; sourceTree = "<group>"; };
		9F238EBA27DF73F700639369 /* CakeSuccessResponse.json */ = {isa = PBXFileReference; explicitFileType = text.json; path = CakeSuccessResponse.json; sourceTree = "<group>"; };
		9F238EBC27DF746A00639369 /* CakeFailureResponse.json */ = {isa = PBXFileReference; explicitFileType = text.json; path = CakeFailureResponse.json; sourceTree = "<group>"; };
/* End PBXFileReference section */

/* Begin PBXFrameworksBuildPhase section */
		9F238E5827DF51EF00639369 /* Frameworks */ = {
			isa = PBXFrameworksBuildPhase;
			buildActionMask = 2147483647;
			files = (
			);
			runOnlyForDeploymentPostprocessing = 0;
		};
		9F238EA727DF70DC00639369 /* Frameworks */ = {
			isa = PBXFrameworksBuildPhase;
			buildActionMask = 2147483647;
			files = (
			);
			runOnlyForDeploymentPostprocessing = 0;
		};
/* End PBXFrameworksBuildPhase section */

/* Begin PBXGroup section */
		9F238E5227DF51EF00639369 = {
			isa = PBXGroup;
			children = (
				9F238E5D27DF51EF00639369 /* CakeItApp */,
				9F238EAB27DF70DC00639369 /* CakeItAppTests */,
				9F238E5C27DF51EF00639369 /* Products */,
			);
			sourceTree = "<group>";
		};
		9F238E5C27DF51EF00639369 /* Products */ = {
			isa = PBXGroup;
			children = (
				9F238E5B27DF51EF00639369 /* CakeItApp.app */,
				9F238EAA27DF70DC00639369 /* CakeItAppTests.xctest */,
			);
			name = Products;
			sourceTree = "<group>";
		};
		9F238E5D27DF51EF00639369 /* CakeItApp */ = {
			isa = PBXGroup;
			children = (
				9F238E9F27DF6A8300639369 /* Coordinator */,
				9F238E9927DF689400639369 /* ViewModel */,
				9F238E7827DF5B8F00639369 /* Model */,
				9F238E7B27DF5CF000639369 /* View */,
				9F238E8427DF5FB300639369 /* Networking */,
				9F238E8127DF5E1300639369 /* Uitility */,
				9F238E5E27DF51EF00639369 /* AppDelegate.swift */,
				9F238E6027DF51EF00639369 /* SceneDelegate.swift */,
				9F238E6727DF51F000639369 /* Assets.xcassets */,
				9F238E6927DF51F000639369 /* LaunchScreen.storyboard */,
				9F238E6C27DF51F000639369 /* Info.plist */,
			);
			path = CakeItApp;
			sourceTree = "<group>";
		};
		9F238E7827DF5B8F00639369 /* Model */ = {
			isa = PBXGroup;
			children = (
				9F238E7927DF5BA600639369 /* Cake.swift */,
			);
			path = Model;
			sourceTree = "<group>";
		};
		9F238E7B27DF5CF000639369 /* View */ = {
			isa = PBXGroup;
			children = (
				9F238E6427DF51EF00639369 /* Main.storyboard */,
				9F238E9727DF685500639369 /* CakeTableViewCell.swift */,
				9F238E9C27DF695B00639369 /* CakeListViewController.swift */,
				9F238EA227DF6BAF00639369 /* CakeDetailsViewController.swift */,
			);
			path = View;
			sourceTree = "<group>";
		};
		9F238E8127DF5E1300639369 /* Uitility */ = {
			isa = PBXGroup;
			children = (
				9F238E8227DF5E3500639369 /* Constants.swift */,
			);
			path = Uitility;
			sourceTree = "<group>";
		};
		9F238E8427DF5FB300639369 /* Networking */ = {
			isa = PBXGroup;
			children = (
				9F238E8527DF5FDC00639369 /* EndPoints.swift */,
				9F238E8727DF603400639369 /* Service.swift */,
				9F238E8927DF605D00639369 /* JsonDecodable.swift */,
				9F238E8B27DF608800639369 /* ServiceError.swift */,
				9F238E8D27DF60BD00639369 /* ServiceClient.swift */,
				9F238E8F27DF66D400639369 /* ServiceImpl.swift */,
				9F238E9127DF676900639369 /* URLRequest+Extension.swift */,
				9F238E9327DF679F00639369 /* ImageLoader.swift */,
				9F238E9527DF67D300639369 /* ImageCache.swift */,
			);
			path = Networking;
			sourceTree = "<group>";
		};
		9F238E9927DF689400639369 /* ViewModel */ = {
			isa = PBXGroup;
			children = (
				9F238E9A27DF68B300639369 /* CakeListViewModel.swift */,
				9F238EA427DF6C0D00639369 /* CakeDetailsViewModel.swift */,
			);
			path = ViewModel;
			sourceTree = "<group>";
		};
		9F238E9F27DF6A8300639369 /* Coordinator */ = {
			isa = PBXGroup;
			children = (
				9F238EA027DF6AA600639369 /* MainCoordinator.swift */,
			);
			path = Coordinator;
			sourceTree = "<group>";
		};
		9F238EAB27DF70DC00639369 /* CakeItAppTests */ = {
			isa = PBXGroup;
			children = (
				9F238EBA27DF73F700639369 /* CakeSuccessResponse.json */,
				9F238EBC27DF746A00639369 /* CakeFailureResponse.json */,
				9F238EB327DF717200639369 /* MockService.swift */,
				9F238EB527DF721D00639369 /* CakeViewModelTest.swift */,
				9F238EB827DF734E00639369 /* CakeDetailsViewModelTests.swift */,
			);
			path = CakeItAppTests;
			sourceTree = "<group>";
		};
/* End PBXGroup section */

/* Begin PBXNativeTarget section */
		9F238E5A27DF51EF00639369 /* CakeItApp */ = {
			isa = PBXNativeTarget;
			buildConfigurationList = 9F238E6F27DF51F000639369 /* Build configuration list for PBXNativeTarget "CakeItApp" */;
			buildPhases = (
				9F238E5727DF51EF00639369 /* Sources */,
				9F238E5827DF51EF00639369 /* Frameworks */,
				9F238E5927DF51EF00639369 /* Resources */,
			);
			buildRules = (
			);
			dependencies = (
			);
			name = CakeItApp;
			productName = CakeItApp;
			productReference = 9F238E5B27DF51EF00639369 /* CakeItApp.app */;
			productType = "com.apple.product-type.application";
		};
		9F238EA927DF70DC00639369 /* CakeItAppTests */ = {
			isa = PBXNativeTarget;
			buildConfigurationList = 9F238EB227DF70DC00639369 /* Build configuration list for PBXNativeTarget "CakeItAppTests" */;
			buildPhases = (
				9F238EA627DF70DC00639369 /* Sources */,
				9F238EA727DF70DC00639369 /* Frameworks */,
				9F238EA827DF70DC00639369 /* Resources */,
			);
			buildRules = (
			);
			dependencies = (
				9F238EAF27DF70DC00639369 /* PBXTargetDependency */,
			);
			name = CakeItAppTests;
			productName = CakeItAppTests;
			productReference = 9F238EAA27DF70DC00639369 /* CakeItAppTests.xctest */;
			productType = "com.apple.product-type.bundle.unit-test";
		};
/* End PBXNativeTarget section */

/* Begin PBXProject section */
		9F238E5327DF51EF00639369 /* Project object */ = {
			isa = PBXProject;
			attributes = {
				BuildIndependentTargetsInParallel = 1;
				LastSwiftUpdateCheck = 1320;
				LastUpgradeCheck = 1320;
				TargetAttributes = {
					9F238E5A27DF51EF00639369 = {
						CreatedOnToolsVersion = 13.2.1;
					};
					9F238EA927DF70DC00639369 = {
						CreatedOnToolsVersion = 13.2.1;
						TestTargetID = 9F238E5A27DF51EF00639369;
					};
				};
			};
			buildConfigurationList = 9F238E5627DF51EF00639369 /* Build configuration list for PBXProject "CakeItApp" */;
			compatibilityVersion = "Xcode 13.0";
			developmentRegion = en;
			hasScannedForEncodings = 0;
			knownRegions = (
				en,
				Base,
			);
			mainGroup = 9F238E5227DF51EF00639369;
			productRefGroup = 9F238E5C27DF51EF00639369 /* Products */;
			projectDirPath = "";
			projectRoot = "";
			targets = (
				9F238E5A27DF51EF00639369 /* CakeItApp */,
				9F238EA927DF70DC00639369 /* CakeItAppTests */,
			);
		};
/* End PBXProject section */

/* Begin PBXResourcesBuildPhase section */
		9F238E5927DF51EF00639369 /* Resources */ = {
			isa = PBXResourcesBuildPhase;
			buildActionMask = 2147483647;
			files = (
				9F238E6B27DF51F000639369 /* LaunchScreen.storyboard in Resources */,
				9F238E6827DF51F000639369 /* Assets.xcassets in Resources */,
				9F238E6627DF51EF00639369 /* Main.storyboard in Resources */,
			);
			runOnlyForDeploymentPostprocessing = 0;
		};
		9F238EA827DF70DC00639369 /* Resources */ = {
			isa = PBXResourcesBuildPhase;
			buildActionMask = 2147483647;
			files = (
				9F238EBB27DF73F700639369 /* CakeSuccessResponse.json in Resources */,
			);
			runOnlyForDeploymentPostprocessing = 0;
		};
/* End PBXResourcesBuildPhase section */

/* Begin PBXSourcesBuildPhase section */
		9F238E5727DF51EF00639369 /* Sources */ = {
			isa = PBXSourcesBuildPhase;
			buildActionMask = 2147483647;
			files = (
				9F238E8E27DF60BD00639369 /* ServiceClient.swift in Sources */,
				9F238E9D27DF695B00639369 /* CakeListViewController.swift in Sources */,
				9F238E9827DF685500639369 /* CakeTableViewCell.swift in Sources */,
				9F238E9227DF676900639369 /* URLRequest+Extension.swift in Sources */,
				9F238E9027DF66D400639369 /* ServiceImpl.swift in Sources */,
				9F238EA327DF6BAF00639369 /* CakeDetailsViewController.swift in Sources */,
				9F238E8827DF603400639369 /* Service.swift in Sources */,
				9F238EA527DF6C0D00639369 /* CakeDetailsViewModel.swift in Sources */,
				9F238EA127DF6AA600639369 /* MainCoordinator.swift in Sources */,
				9F238E7A27DF5BA600639369 /* Cake.swift in Sources */,
				9F238E8A27DF605D00639369 /* JsonDecodable.swift in Sources */,
				9F238E5F27DF51EF00639369 /* AppDelegate.swift in Sources */,
				9F238E8327DF5E3500639369 /* Constants.swift in Sources */,
				9F238E8C27DF608800639369 /* ServiceError.swift in Sources */,
				9F238E8627DF5FDC00639369 /* EndPoints.swift in Sources */,
				9F238E6127DF51EF00639369 /* SceneDelegate.swift in Sources */,
				9F238E9627DF67D300639369 /* ImageCache.swift in Sources */,
				9F238E9B27DF68B300639369 /* CakeListViewModel.swift in Sources */,
				9F238E9427DF679F00639369 /* ImageLoader.swift in Sources */,
			);
			runOnlyForDeploymentPostprocessing = 0;
		};
		9F238EA627DF70DC00639369 /* Sources */ = {
			isa = PBXSourcesBuildPhase;
			buildActionMask = 2147483647;
			files = (
				9F238EB627DF721D00639369 /* CakeViewModelTest.swift in Sources */,
				9F238EB927DF734E00639369 /* CakeDetailsViewModelTests.swift in Sources */,
				9F238EB427DF717200639369 /* MockService.swift in Sources */,
				9F238EBD27DF746A00639369 /* CakeFailureResponse.json in Sources */,
			);
			runOnlyForDeploymentPostprocessing = 0;
		};
/* End PBXSourcesBuildPhase section */

/* Begin PBXTargetDependency section */
		9F238EAF27DF70DC00639369 /* PBXTargetDependency */ = {
			isa = PBXTargetDependency;
			target = 9F238E5A27DF51EF00639369 /* CakeItApp */;
			targetProxy = 9F238EAE27DF70DC00639369 /* PBXContainerItemProxy */;
		};
/* End PBXTargetDependency section */

/* Begin PBXVariantGroup section */
		9F238E6427DF51EF00639369 /* Main.storyboard */ = {
			isa = PBXVariantGroup;
			children = (
				9F238E6527DF51EF00639369 /* Base */,
			);
			name = Main.storyboard;
			sourceTree = "<group>";
		};
		9F238E6927DF51F000639369 /* LaunchScreen.storyboard */ = {
			isa = PBXVariantGroup;
			children = (
				9F238E6A27DF51F000639369 /* Base */,
			);
			name = LaunchScreen.storyboard;
			sourceTree = "<group>";
		};
/* End PBXVariantGroup section */

/* Begin XCBuildConfiguration section */
		9F238E6D27DF51F000639369 /* Debug */ = {
			isa = XCBuildConfiguration;
			buildSettings = {
				ALWAYS_SEARCH_USER_PATHS = NO;
				CLANG_ANALYZER_NONNULL = YES;
				CLANG_ANALYZER_NUMBER_OBJECT_CONVERSION = YES_AGGRESSIVE;
				CLANG_CXX_LANGUAGE_STANDARD = "gnu++17";
				CLANG_CXX_LIBRARY = "libc++";
				CLANG_ENABLE_MODULES = YES;
				CLANG_ENABLE_OBJC_ARC = YES;
				CLANG_ENABLE_OBJC_WEAK = YES;
				CLANG_WARN_BLOCK_CAPTURE_AUTORELEASING = YES;
				CLANG_WARN_BOOL_CONVERSION = YES;
				CLANG_WARN_COMMA = YES;
				CLANG_WARN_CONSTANT_CONVERSION = YES;
				CLANG_WARN_DEPRECATED_OBJC_IMPLEMENTATIONS = YES;
				CLANG_WARN_DIRECT_OBJC_ISA_USAGE = YES_ERROR;
				CLANG_WARN_DOCUMENTATION_COMMENTS = YES;
				CLANG_WARN_EMPTY_BODY = YES;
				CLANG_WARN_ENUM_CONVERSION = YES;
				CLANG_WARN_INFINITE_RECURSION = YES;
				CLANG_WARN_INT_CONVERSION = YES;
				CLANG_WARN_NON_LITERAL_NULL_CONVERSION = YES;
				CLANG_WARN_OBJC_IMPLICIT_RETAIN_SELF = YES;
				CLANG_WARN_OBJC_LITERAL_CONVERSION = YES;
				CLANG_WARN_OBJC_ROOT_CLASS = YES_ERROR;
				CLANG_WARN_QUOTED_INCLUDE_IN_FRAMEWORK_HEADER = YES;
				CLANG_WARN_RANGE_LOOP_ANALYSIS = YES;
				CLANG_WARN_STRICT_PROTOTYPES = YES;
				CLANG_WARN_SUSPICIOUS_MOVE = YES;
				CLANG_WARN_UNGUARDED_AVAILABILITY = YES_AGGRESSIVE;
				CLANG_WARN_UNREACHABLE_CODE = YES;
				CLANG_WARN__DUPLICATE_METHOD_MATCH = YES;
				COPY_PHASE_STRIP = NO;
				DEBUG_INFORMATION_FORMAT = dwarf;
				ENABLE_STRICT_OBJC_MSGSEND = YES;
				ENABLE_TESTABILITY = YES;
				GCC_C_LANGUAGE_STANDARD = gnu11;
				GCC_DYNAMIC_NO_PIC = NO;
				GCC_NO_COMMON_BLOCKS = YES;
				GCC_OPTIMIZATION_LEVEL = 0;
				GCC_PREPROCESSOR_DEFINITIONS = (
					"DEBUG=1",
					"$(inherited)",
				);
				GCC_WARN_64_TO_32_BIT_CONVERSION = YES;
				GCC_WARN_ABOUT_RETURN_TYPE = YES_ERROR;
				GCC_WARN_UNDECLARED_SELECTOR = YES;
				GCC_WARN_UNINITIALIZED_AUTOS = YES_AGGRESSIVE;
				GCC_WARN_UNUSED_FUNCTION = YES;
				GCC_WARN_UNUSED_VARIABLE = YES;
				IPHONEOS_DEPLOYMENT_TARGET = 15.2;
				MTL_ENABLE_DEBUG_INFO = INCLUDE_SOURCE;
				MTL_FAST_MATH = YES;
				ONLY_ACTIVE_ARCH = YES;
				SDKROOT = iphoneos;
				SWIFT_ACTIVE_COMPILATION_CONDITIONS = DEBUG;
				SWIFT_OPTIMIZATION_LEVEL = "-Onone";
			};
			name = Debug;
		};
		9F238E6E27DF51F000639369 /* Release */ = {
			isa = XCBuildConfiguration;
			buildSettings = {
				ALWAYS_SEARCH_USER_PATHS = NO;
				CLANG_ANALYZER_NONNULL = YES;
				CLANG_ANALYZER_NUMBER_OBJECT_CONVERSION = YES_AGGRESSIVE;
				CLANG_CXX_LANGUAGE_STANDARD = "gnu++17";
				CLANG_CXX_LIBRARY = "libc++";
				CLANG_ENABLE_MODULES = YES;
				CLANG_ENABLE_OBJC_ARC = YES;
				CLANG_ENABLE_OBJC_WEAK = YES;
				CLANG_WARN_BLOCK_CAPTURE_AUTORELEASING = YES;
				CLANG_WARN_BOOL_CONVERSION = YES;
				CLANG_WARN_COMMA = YES;
				CLANG_WARN_CONSTANT_CONVERSION = YES;
				CLANG_WARN_DEPRECATED_OBJC_IMPLEMENTATIONS = YES;
				CLANG_WARN_DIRECT_OBJC_ISA_USAGE = YES_ERROR;
				CLANG_WARN_DOCUMENTATION_COMMENTS = YES;
				CLANG_WARN_EMPTY_BODY = YES;
				CLANG_WARN_ENUM_CONVERSION = YES;
				CLANG_WARN_INFINITE_RECURSION = YES;
				CLANG_WARN_INT_CONVERSION = YES;
				CLANG_WARN_NON_LITERAL_NULL_CONVERSION = YES;
				CLANG_WARN_OBJC_IMPLICIT_RETAIN_SELF = YES;
				CLANG_WARN_OBJC_LITERAL_CONVERSION = YES;
				CLANG_WARN_OBJC_ROOT_CLASS = YES_ERROR;
				CLANG_WARN_QUOTED_INCLUDE_IN_FRAMEWORK_HEADER = YES;
				CLANG_WARN_RANGE_LOOP_ANALYSIS = YES;
				CLANG_WARN_STRICT_PROTOTYPES = YES;
				CLANG_WARN_SUSPICIOUS_MOVE = YES;
				CLANG_WARN_UNGUARDED_AVAILABILITY = YES_AGGRESSIVE;
				CLANG_WARN_UNREACHABLE_CODE = YES;
				CLANG_WARN__DUPLICATE_METHOD_MATCH = YES;
				COPY_PHASE_STRIP = NO;
				DEBUG_INFORMATION_FORMAT = "dwarf-with-dsym";
				ENABLE_NS_ASSERTIONS = NO;
				ENABLE_STRICT_OBJC_MSGSEND = YES;
				GCC_C_LANGUAGE_STANDARD = gnu11;
				GCC_NO_COMMON_BLOCKS = YES;
				GCC_WARN_64_TO_32_BIT_CONVERSION = YES;
				GCC_WARN_ABOUT_RETURN_TYPE = YES_ERROR;
				GCC_WARN_UNDECLARED_SELECTOR = YES;
				GCC_WARN_UNINITIALIZED_AUTOS = YES_AGGRESSIVE;
				GCC_WARN_UNUSED_FUNCTION = YES;
				GCC_WARN_UNUSED_VARIABLE = YES;
				IPHONEOS_DEPLOYMENT_TARGET = 15.2;
				MTL_ENABLE_DEBUG_INFO = NO;
				MTL_FAST_MATH = YES;
				SDKROOT = iphoneos;
				SWIFT_COMPILATION_MODE = wholemodule;
				SWIFT_OPTIMIZATION_LEVEL = "-O";
				VALIDATE_PRODUCT = YES;
			};
			name = Release;
		};
		9F238E7027DF51F000639369 /* Debug */ = {
			isa = XCBuildConfiguration;
			buildSettings = {
				ASSETCATALOG_COMPILER_APPICON_NAME = AppIcon;
				ASSETCATALOG_COMPILER_GLOBAL_ACCENT_COLOR_NAME = AccentColor;
				CODE_SIGN_STYLE = Automatic;
				CURRENT_PROJECT_VERSION = 1;
				GENERATE_INFOPLIST_FILE = YES;
				INFOPLIST_FILE = CakeItApp/Info.plist;
				INFOPLIST_KEY_UIApplicationSupportsIndirectInputEvents = YES;
				INFOPLIST_KEY_UILaunchStoryboardName = LaunchScreen;
				INFOPLIST_KEY_UIMainStoryboardFile = Main;
				INFOPLIST_KEY_UISupportedInterfaceOrientations_iPad = "UIInterfaceOrientationPortrait UIInterfaceOrientationPortraitUpsideDown UIInterfaceOrientationLandscapeLeft UIInterfaceOrientationLandscapeRight";
				INFOPLIST_KEY_UISupportedInterfaceOrientations_iPhone = "UIInterfaceOrientationPortrait UIInterfaceOrientationLandscapeLeft UIInterfaceOrientationLandscapeRight";
				LD_RUNPATH_SEARCH_PATHS = (
					"$(inherited)",
					"@executable_path/Frameworks",
				);
				MARKETING_VERSION = 1.0;
				PRODUCT_BUNDLE_IDENTIFIER = foundationProject.CakeItApp;
				PRODUCT_NAME = "$(TARGET_NAME)";
				SWIFT_EMIT_LOC_STRINGS = YES;
				SWIFT_VERSION = 5.0;
				TARGETED_DEVICE_FAMILY = "1,2";
			};
			name = Debug;
		};
		9F238E7127DF51F000639369 /* Release */ = {
			isa = XCBuildConfiguration;
			buildSettings = {
				ASSETCATALOG_COMPILER_APPICON_NAME = AppIcon;
				ASSETCATALOG_COMPILER_GLOBAL_ACCENT_COLOR_NAME = AccentColor;
				CODE_SIGN_STYLE = Automatic;
				CURRENT_PROJECT_VERSION = 1;
				GENERATE_INFOPLIST_FILE = YES;
				INFOPLIST_FILE = CakeItApp/Info.plist;
				INFOPLIST_KEY_UIApplicationSupportsIndirectInputEvents = YES;
				INFOPLIST_KEY_UILaunchStoryboardName = LaunchScreen;
				INFOPLIST_KEY_UIMainStoryboardFile = Main;
				INFOPLIST_KEY_UISupportedInterfaceOrientations_iPad = "UIInterfaceOrientationPortrait UIInterfaceOrientationPortraitUpsideDown UIInterfaceOrientationLandscapeLeft UIInterfaceOrientationLandscapeRight";
				INFOPLIST_KEY_UISupportedInterfaceOrientations_iPhone = "UIInterfaceOrientationPortrait UIInterfaceOrientationLandscapeLeft UIInterfaceOrientationLandscapeRight";
				LD_RUNPATH_SEARCH_PATHS = (
					"$(inherited)",
					"@executable_path/Frameworks",
				);
				MARKETING_VERSION = 1.0;
				PRODUCT_BUNDLE_IDENTIFIER = foundationProject.CakeItApp;
				PRODUCT_NAME = "$(TARGET_NAME)";
				SWIFT_EMIT_LOC_STRINGS = YES;
				SWIFT_VERSION = 5.0;
				TARGETED_DEVICE_FAMILY = "1,2";
			};
			name = Release;
		};
		9F238EB027DF70DC00639369 /* Debug */ = {
			isa = XCBuildConfiguration;
			buildSettings = {
				BUNDLE_LOADER = "$(TEST_HOST)";
				CODE_SIGN_STYLE = Automatic;
				CURRENT_PROJECT_VERSION = 1;
				GENERATE_INFOPLIST_FILE = YES;
				MARKETING_VERSION = 1.0;
				PRODUCT_BUNDLE_IDENTIFIER = foundationProject.CakeItAppTests;
				PRODUCT_NAME = "$(TARGET_NAME)";
				SWIFT_EMIT_LOC_STRINGS = NO;
				SWIFT_VERSION = 5.0;
				TARGETED_DEVICE_FAMILY = "1,2";
				TEST_HOST = "$(BUILT_PRODUCTS_DIR)/CakeItApp.app/CakeItApp";
			};
			name = Debug;
		};
		9F238EB127DF70DC00639369 /* Release */ = {
			isa = XCBuildConfiguration;
			buildSettings = {
				BUNDLE_LOADER = "$(TEST_HOST)";
				CODE_SIGN_STYLE = Automatic;
				CURRENT_PROJECT_VERSION = 1;
				GENERATE_INFOPLIST_FILE = YES;
				MARKETING_VERSION = 1.0;
				PRODUCT_BUNDLE_IDENTIFIER = foundationProject.CakeItAppTests;
				PRODUCT_NAME = "$(TARGET_NAME)";
				SWIFT_EMIT_LOC_STRINGS = NO;
				SWIFT_VERSION = 5.0;
				TARGETED_DEVICE_FAMILY = "1,2";
				TEST_HOST = "$(BUILT_PRODUCTS_DIR)/CakeItApp.app/CakeItApp";
			};
			name = Release;
		};
/* End XCBuildConfiguration section */

/* Begin XCConfigurationList section */
		9F238E5627DF51EF00639369 /* Build configuration list for PBXProject "CakeItApp" */ = {
			isa = XCConfigurationList;
			buildConfigurations = (
				9F238E6D27DF51F000639369 /* Debug */,
				9F238E6E27DF51F000639369 /* Release */,
			);
			defaultConfigurationIsVisible = 0;
			defaultConfigurationName = Release;
		};
		9F238E6F27DF51F000639369 /* Build configuration list for PBXNativeTarget "CakeItApp" */ = {
			isa = XCConfigurationList;
			buildConfigurations = (
				9F238E7027DF51F000639369 /* Debug */,
				9F238E7127DF51F000639369 /* Release */,
			);
			defaultConfigurationIsVisible = 0;
			defaultConfigurationName = Release;
		};
		9F238EB227DF70DC00639369 /* Build configuration list for PBXNativeTarget "CakeItAppTests" */ = {
			isa = XCConfigurationList;
			buildConfigurations = (
				9F238EB027DF70DC00639369 /* Debug */,
				9F238EB127DF70DC00639369 /* Release */,
			);
			defaultConfigurationIsVisible = 0;
			defaultConfigurationName = Release;
		};
/* End XCConfigurationList section */
	};
	rootObject = 9F238E5327DF51EF00639369 /* Project object */;
}
